// !$*UTF8*$!
{
	archiveVersion = 1;
	classes = {
	};
	objectVersion = 46;
	objects = {

/* Begin PBXBuildFile section */
		053B2D01539691587D674614 /* libPods-网络监听demoUITests.a in Frameworks */ = {isa = PBXBuildFile; fileRef = 41BC9178A9BD2FBC4F1A39E3 /* libPods-网络监听demoUITests.a */; };
		829EC06EF41B479E07FCD5B0 /* libPods-网络监听demoTests.a in Frameworks */ = {isa = PBXBuildFile; fileRef = 43FB9558A4DCFB3FA5283E18 /* libPods-网络监听demoTests.a */; };
		8E4106331F24642A0014E69A /* main.m in Sources */ = {isa = PBXBuildFile; fileRef = 8E4106321F24642A0014E69A /* main.m */; };
		8E4106361F24642A0014E69A /* AppDelegate.m in Sources */ = {isa = PBXBuildFile; fileRef = 8E4106351F24642A0014E69A /* AppDelegate.m */; };
		8E4106391F24642A0014E69A /* ViewController.m in Sources */ = {isa = PBXBuildFile; fileRef = 8E4106381F24642A0014E69A /* ViewController.m */; };
		8E41063C1F24642A0014E69A /* Main.storyboard in Resources */ = {isa = PBXBuildFile; fileRef = 8E41063A1F24642A0014E69A /* Main.storyboard */; };
		8E41063E1F24642A0014E69A /* Assets.xcassets in Resources */ = {isa = PBXBuildFile; fileRef = 8E41063D1F24642A0014E69A /* Assets.xcassets */; };
		8E4106411F24642A0014E69A /* LaunchScreen.storyboard in Resources */ = {isa = PBXBuildFile; fileRef = 8E41063F1F24642A0014E69A /* LaunchScreen.storyboard */; };
		8E41064C1F24642A0014E69A /* ____demoTests.m in Sources */ = {isa = PBXBuildFile; fileRef = 8E41064B1F24642A0014E69A /* ____demoTests.m */; };
		8E4106571F24642A0014E69A /* ____demoUITests.m in Sources */ = {isa = PBXBuildFile; fileRef = 8E4106561F24642A0014E69A /* ____demoUITests.m */; };
		9F80DDB8C1D5A57EFB8CACF6 /* libPods-网络监听demo.a in Frameworks */ = {isa = PBXBuildFile; fileRef = AAA4F88B86B22F79CEB97EFF /* libPods-网络监听demo.a */; };
/* End PBXBuildFile section */

/* Begin PBXContainerItemProxy section */
		8E4106481F24642A0014E69A /* PBXContainerItemProxy */ = {
			isa = PBXContainerItemProxy;
			containerPortal = 8E4106261F24642A0014E69A /* Project object */;
			proxyType = 1;
			remoteGlobalIDString = 8E41062D1F24642A0014E69A;
			remoteInfo = "网络监听demo";
		};
		8E4106531F24642A0014E69A /* PBXContainerItemProxy */ = {
			isa = PBXContainerItemProxy;
			containerPortal = 8E4106261F24642A0014E69A /* Project object */;
			proxyType = 1;
			remoteGlobalIDString = 8E41062D1F24642A0014E69A;
			remoteInfo = "网络监听demo";
		};
/* End PBXContainerItemProxy section */

/* Begin PBXFileReference section */
		29B53F3546D150D304D790EB /* Pods-网络监听demoUITests.debug.xcconfig */ = {isa = PBXFileReference; includeInIndex = 1; lastKnownFileType = text.xcconfig; name = "Pods-网络监听demoUITests.debug.xcconfig"; path = "Pods/Target Support Files/Pods-网络监听demoUITests/Pods-网络监听demoUITests.debug.xcconfig"; sourceTree = "<group>"; };
		41BC9178A9BD2FBC4F1A39E3 /* libPods-网络监听demoUITests.a */ = {isa = PBXFileReference; explicitFileType = archive.ar; includeInIndex = 0; path = "libPods-网络监听demoUITests.a"; sourceTree = BUILT_PRODUCTS_DIR; };
		43FB9558A4DCFB3FA5283E18 /* libPods-网络监听demoTests.a */ = {isa = PBXFileReference; explicitFileType = archive.ar; includeInIndex = 0; path = "libPods-网络监听demoTests.a"; sourceTree = BUILT_PRODUCTS_DIR; };
		65FB5C37E06D3E8858D9E1F5 /* Pods-网络监听demoUITests.release.xcconfig */ = {isa = PBXFileReference; includeInIndex = 1; lastKnownFileType = text.xcconfig; name = "Pods-网络监听demoUITests.release.xcconfig"; path = "Pods/Target Support Files/Pods-网络监听demoUITests/Pods-网络监听demoUITests.release.xcconfig"; sourceTree = "<group>"; };
		72700A26A54CDD683E64E23E /* Pods-网络监听demoTests.debug.xcconfig */ = {isa = PBXFileReference; includeInIndex = 1; lastKnownFileType = text.xcconfig; name = "Pods-网络监听demoTests.debug.xcconfig"; path = "Pods/Target Support Files/Pods-网络监听demoTests/Pods-网络监听demoTests.debug.xcconfig"; sourceTree = "<group>"; };
		76CFB51D61031CB310BFEF9E /* Pods-网络监听demo.release.xcconfig */ = {isa = PBXFileReference; includeInIndex = 1; lastKnownFileType = text.xcconfig; name = "Pods-网络监听demo.release.xcconfig"; path = "Pods/Target Support Files/Pods-网络监听demo/Pods-网络监听demo.release.xcconfig"; sourceTree = "<group>"; };
		8E41062E1F24642A0014E69A /* 网络监听demo.app */ = {isa = PBXFileReference; explicitFileType = wrapper.application; includeInIndex = 0; path = "网络监听demo.app"; sourceTree = BUILT_PRODUCTS_DIR; };
		8E4106321F24642A0014E69A /* main.m */ = {isa = PBXFileReference; lastKnownFileType = sourcecode.c.objc; path = main.m; sourceTree = "<group>"; };
		8E4106341F24642A0014E69A /* AppDelegate.h */ = {isa = PBXFileReference; lastKnownFileType = sourcecode.c.h; path = AppDelegate.h; sourceTree = "<group>"; };
		8E4106351F24642A0014E69A /* AppDelegate.m */ = {isa = PBXFileReference; lastKnownFileType = sourcecode.c.objc; path = AppDelegate.m; sourceTree = "<group>"; };
		8E4106371F24642A0014E69A /* ViewController.h */ = {isa = PBXFileReference; lastKnownFileType = sourcecode.c.h; path = ViewController.h; sourceTree = "<group>"; };
		8E4106381F24642A0014E69A /* ViewController.m */ = {isa = PBXFileReference; lastKnownFileType = sourcecode.c.objc; path = ViewController.m; sourceTree = "<group>"; };
		8E41063B1F24642A0014E69A /* Base */ = {isa = PBXFileReference; lastKnownFileType = file.storyboard; name = Base; path = Base.lproj/Main.storyboard; sourceTree = "<group>"; };
		8E41063D1F24642A0014E69A /* Assets.xcassets */ = {isa = PBXFileReference; lastKnownFileType = folder.assetcatalog; path = Assets.xcassets; sourceTree = "<group>"; };
		8E4106401F24642A0014E69A /* Base */ = {isa = PBXFileReference; lastKnownFileType = file.storyboard; name = Base; path = Base.lproj/LaunchScreen.storyboard; sourceTree = "<group>"; };
		8E4106421F24642A0014E69A /* Info.plist */ = {isa = PBXFileReference; lastKnownFileType = text.plist.xml; path = Info.plist; sourceTree = "<group>"; };
		8E4106471F24642A0014E69A /* 网络监听demoTests.xctest */ = {isa = PBXFileReference; explicitFileType = wrapper.cfbundle; includeInIndex = 0; path = "网络监听demoTests.xctest"; sourceTree = BUILT_PRODUCTS_DIR; };
		8E41064B1F24642A0014E69A /* ____demoTests.m */ = {isa = PBXFileReference; lastKnownFileType = sourcecode.c.objc; path = "____demoTests.m"; sourceTree = "<group>"; };
		8E41064D1F24642A0014E69A /* Info.plist */ = {isa = PBXFileReference; lastKnownFileType = text.plist.xml; path = Info.plist; sourceTree = "<group>"; };
		8E4106521F24642A0014E69A /* 网络监听demoUITests.xctest */ = {isa = PBXFileReference; explicitFileType = wrapper.cfbundle; includeInIndex = 0; path = "网络监听demoUITests.xctest"; sourceTree = BUILT_PRODUCTS_DIR; };
		8E4106561F24642A0014E69A /* ____demoUITests.m */ = {isa = PBXFileReference; lastKnownFileType = sourcecode.c.objc; path = "____demoUITests.m"; sourceTree = "<group>"; };
		8E4106581F24642A0014E69A /* Info.plist */ = {isa = PBXFileReference; lastKnownFileType = text.plist.xml; path = Info.plist; sourceTree = "<group>"; };
		8E4106641F2464D30014E69A /* PCHFile.h */ = {isa = PBXFileReference; lastKnownFileType = sourcecode.c.h; path = PCHFile.h; sourceTree = "<group>"; };
		AAA4F88B86B22F79CEB97EFF /* libPods-网络监听demo.a */ = {isa = PBXFileReference; explicitFileType = archive.ar; includeInIndex = 0; path = "libPods-网络监听demo.a"; sourceTree = BUILT_PRODUCTS_DIR; };
		CCF7176A83175CCE9052B4DD /* Pods-网络监听demo.debug.xcconfig */ = {isa = PBXFileReference; includeInIndex = 1; lastKnownFileType = text.xcconfig; name = "Pods-网络监听demo.debug.xcconfig"; path = "Pods/Target Support Files/Pods-网络监听demo/Pods-网络监听demo.debug.xcconfig"; sourceTree = "<group>"; };
		DBDACFDAA5F7CC64C8731EDE /* Pods-网络监听demoTests.release.xcconfig */ = {isa = PBXFileReference; includeInIndex = 1; lastKnownFileType = text.xcconfig; name = "Pods-网络监听demoTests.release.xcconfig"; path = "Pods/Target Support Files/Pods-网络监听demoTests/Pods-网络监听demoTests.release.xcconfig"; sourceTree = "<group>"; };
/* End PBXFileReference section */

/* Begin PBXFrameworksBuildPhase section */
		8E41062B1F24642A0014E69A /* Frameworks */ = {
			isa = PBXFrameworksBuildPhase;
			buildActionMask = 2147483647;
			files = (
				9F80DDB8C1D5A57EFB8CACF6 /* libPods-网络监听demo.a in Frameworks */,
			);
			runOnlyForDeploymentPostprocessing = 0;
		};
		8E4106441F24642A0014E69A /* Frameworks */ = {
			isa = PBXFrameworksBuildPhase;
			buildActionMask = 2147483647;
			files = (
				829EC06EF41B479E07FCD5B0 /* libPods-网络监听demoTests.a in Frameworks */,
			);
			runOnlyForDeploymentPostprocessing = 0;
		};
		8E41064F1F24642A0014E69A /* Frameworks */ = {
			isa = PBXFrameworksBuildPhase;
			buildActionMask = 2147483647;
			files = (
				053B2D01539691587D674614 /* libPods-网络监听demoUITests.a in Frameworks */,
			);
			runOnlyForDeploymentPostprocessing = 0;
		};
/* End PBXFrameworksBuildPhase section */

/* Begin PBXGroup section */
		6E35AEBD6A62D40023F4E6BA /* Pods */ = {
			isa = PBXGroup;
			children = (
				CCF7176A83175CCE9052B4DD /* Pods-网络监听demo.debug.xcconfig */,
				76CFB51D61031CB310BFEF9E /* Pods-网络监听demo.release.xcconfig */,
				72700A26A54CDD683E64E23E /* Pods-网络监听demoTests.debug.xcconfig */,
				DBDACFDAA5F7CC64C8731EDE /* Pods-网络监听demoTests.release.xcconfig */,
				29B53F3546D150D304D790EB /* Pods-网络监听demoUITests.debug.xcconfig */,
				65FB5C37E06D3E8858D9E1F5 /* Pods-网络监听demoUITests.release.xcconfig */,
			);
			name = Pods;
			sourceTree = "<group>";
		};
		8E4106251F24642A0014E69A = {
			isa = PBXGroup;
			children = (
				8E4106301F24642A0014E69A /* 网络监听demo */,
				8E41064A1F24642A0014E69A /* 网络监听demoTests */,
				8E4106551F24642A0014E69A /* 网络监听demoUITests */,
				8E41062F1F24642A0014E69A /* Products */,
				6E35AEBD6A62D40023F4E6BA /* Pods */,
				CA8C72DF3FB1430968E79E9C /* Frameworks */,
			);
			sourceTree = "<group>";
		};
		8E41062F1F24642A0014E69A /* Products */ = {
			isa = PBXGroup;
			children = (
				8E41062E1F24642A0014E69A /* 网络监听demo.app */,
				8E4106471F24642A0014E69A /* 网络监听demoTests.xctest */,
				8E4106521F24642A0014E69A /* 网络监听demoUITests.xctest */,
			);
			name = Products;
			sourceTree = "<group>";
		};
		8E4106301F24642A0014E69A /* 网络监听demo */ = {
			isa = PBXGroup;
			children = (
				8E4106341F24642A0014E69A /* AppDelegate.h */,
				8E4106351F24642A0014E69A /* AppDelegate.m */,
				8E4106371F24642A0014E69A /* ViewController.h */,
				8E4106381F24642A0014E69A /* ViewController.m */,
				8E4106641F2464D30014E69A /* PCHFile.h */,
				8E41063A1F24642A0014E69A /* Main.storyboard */,
				8E41063D1F24642A0014E69A /* Assets.xcassets */,
				8E41063F1F24642A0014E69A /* LaunchScreen.storyboard */,
				8E4106421F24642A0014E69A /* Info.plist */,
				8E4106311F24642A0014E69A /* Supporting Files */,
			);
			path = "网络监听demo";
			sourceTree = "<group>";
		};
		8E4106311F24642A0014E69A /* Supporting Files */ = {
			isa = PBXGroup;
			children = (
				8E4106321F24642A0014E69A /* main.m */,
			);
			name = "Supporting Files";
			sourceTree = "<group>";
		};
		8E41064A1F24642A0014E69A /* 网络监听demoTests */ = {
			isa = PBXGroup;
			children = (
				8E41064B1F24642A0014E69A /* ____demoTests.m */,
				8E41064D1F24642A0014E69A /* Info.plist */,
			);
			path = "网络监听demoTests";
			sourceTree = "<group>";
		};
		8E4106551F24642A0014E69A /* 网络监听demoUITests */ = {
			isa = PBXGroup;
			children = (
				8E4106561F24642A0014E69A /* ____demoUITests.m */,
				8E4106581F24642A0014E69A /* Info.plist */,
			);
			path = "网络监听demoUITests";
			sourceTree = "<group>";
		};
		CA8C72DF3FB1430968E79E9C /* Frameworks */ = {
			isa = PBXGroup;
			children = (
				AAA4F88B86B22F79CEB97EFF /* libPods-网络监听demo.a */,
				43FB9558A4DCFB3FA5283E18 /* libPods-网络监听demoTests.a */,
				41BC9178A9BD2FBC4F1A39E3 /* libPods-网络监听demoUITests.a */,
			);
			name = Frameworks;
			sourceTree = "<group>";
		};
/* End PBXGroup section */

/* Begin PBXNativeTarget section */
		8E41062D1F24642A0014E69A /* 网络监听demo */ = {
			isa = PBXNativeTarget;
			buildConfigurationList = 8E41065B1F24642A0014E69A /* Build configuration list for PBXNativeTarget "网络监听demo" */;
			buildPhases = (
				11F35B3625368A5CDE0872C7 /* [CP] Check Pods Manifest.lock */,
				8E41062A1F24642A0014E69A /* Sources */,
				8E41062B1F24642A0014E69A /* Frameworks */,
				8E41062C1F24642A0014E69A /* Resources */,
				EB237B131C023F72B4674908 /* [CP] Embed Pods Frameworks */,
				DD6A75767A89AE35CAA276DD /* [CP] Copy Pods Resources */,
			);
			buildRules = (
			);
			dependencies = (
			);
			name = "网络监听demo";
			productName = "网络监听demo";
			productReference = 8E41062E1F24642A0014E69A /* 网络监听demo.app */;
			productType = "com.apple.product-type.application";
		};
		8E4106461F24642A0014E69A /* 网络监听demoTests */ = {
			isa = PBXNativeTarget;
			buildConfigurationList = 8E41065E1F24642A0014E69A /* Build configuration list for PBXNativeTarget "网络监听demoTests" */;
			buildPhases = (
				F3F9EF39DD0754AB7C6874E3 /* [CP] Check Pods Manifest.lock */,
				8E4106431F24642A0014E69A /* Sources */,
				8E4106441F24642A0014E69A /* Frameworks */,
				8E4106451F24642A0014E69A /* Resources */,
				755EDE690A136636C4AABFA2 /* [CP] Embed Pods Frameworks */,
				2F1DB3614CE6BBFB0BF5C942 /* [CP] Copy Pods Resources */,
			);
			buildRules = (
			);
			dependencies = (
				8E4106491F24642A0014E69A /* PBXTargetDependency */,
			);
			name = "网络监听demoTests";
			productName = "网络监听demoTests";
			productReference = 8E4106471F24642A0014E69A /* 网络监听demoTests.xctest */;
			productType = "com.apple.product-type.bundle.unit-test";
		};
		8E4106511F24642A0014E69A /* 网络监听demoUITests */ = {
			isa = PBXNativeTarget;
			buildConfigurationList = 8E4106611F24642A0014E69A /* Build configuration list for PBXNativeTarget "网络监听demoUITests" */;
			buildPhases = (
				2ABB5F2CD908988309A10047 /* [CP] Check Pods Manifest.lock */,
				8E41064E1F24642A0014E69A /* Sources */,
				8E41064F1F24642A0014E69A /* Frameworks */,
				8E4106501F24642A0014E69A /* Resources */,
				DE75470E344E03F060FCCCE7 /* [CP] Embed Pods Frameworks */,
				0E56AA5973F201EE3CDA4BD7 /* [CP] Copy Pods Resources */,
			);
			buildRules = (
			);
			dependencies = (
				8E4106541F24642A0014E69A /* PBXTargetDependency */,
			);
			name = "网络监听demoUITests";
			productName = "网络监听demoUITests";
			productReference = 8E4106521F24642A0014E69A /* 网络监听demoUITests.xctest */;
			productType = "com.apple.product-type.bundle.ui-testing";
		};
/* End PBXNativeTarget section */

/* Begin PBXProject section */
		8E4106261F24642A0014E69A /* Project object */ = {
			isa = PBXProject;
			attributes = {
				LastUpgradeCheck = 0830;
				ORGANIZATIONNAME = citotem;
				TargetAttributes = {
					8E41062D1F24642A0014E69A = {
						CreatedOnToolsVersion = 8.3.3;
						DevelopmentTeam = 4UPZ28UPTA;
						ProvisioningStyle = Automatic;
					};
					8E4106461F24642A0014E69A = {
						CreatedOnToolsVersion = 8.3.3;
						DevelopmentTeam = 82GPY9WNDW;
						ProvisioningStyle = Automatic;
						TestTargetID = 8E41062D1F24642A0014E69A;
					};
					8E4106511F24642A0014E69A = {
						CreatedOnToolsVersion = 8.3.3;
						DevelopmentTeam = 82GPY9WNDW;
						ProvisioningStyle = Automatic;
						TestTargetID = 8E41062D1F24642A0014E69A;
					};
				};
			};
			buildConfigurationList = 8E4106291F24642A0014E69A /* Build configuration list for PBXProject "网络监听demo" */;
			compatibilityVersion = "Xcode 3.2";
			developmentRegion = English;
			hasScannedForEncodings = 0;
			knownRegions = (
				en,
				Base,
			);
			mainGroup = 8E4106251F24642A0014E69A;
			productRefGroup = 8E41062F1F24642A0014E69A /* Products */;
			projectDirPath = "";
			projectRoot = "";
			targets = (
				8E41062D1F24642A0014E69A /* 网络监听demo */,
				8E4106461F24642A0014E69A /* 网络监听demoTests */,
				8E4106511F24642A0014E69A /* 网络监听demoUITests */,
			);
		};
/* End PBXProject section */

/* Begin PBXResourcesBuildPhase section */
		8E41062C1F24642A0014E69A /* Resources */ = {
			isa = PBXResourcesBuildPhase;
			buildActionMask = 2147483647;
			files = (
				8E4106411F24642A0014E69A /* LaunchScreen.storyboard in Resources */,
				8E41063E1F24642A0014E69A /* Assets.xcassets in Resources */,
				8E41063C1F24642A0014E69A /* Main.storyboard in Resources */,
			);
			runOnlyForDeploymentPostprocessing = 0;
		};
		8E4106451F24642A0014E69A /* Resources */ = {
			isa = PBXResourcesBuildPhase;
			buildActionMask = 2147483647;
			files = (
			);
			runOnlyForDeploymentPostprocessing = 0;
		};
		8E4106501F24642A0014E69A /* Resources */ = {
			isa = PBXResourcesBuildPhase;
			buildActionMask = 2147483647;
			files = (
			);
			runOnlyForDeploymentPostprocessing = 0;
		};
/* End PBXResourcesBuildPhase section */

/* Begin PBXShellScriptBuildPhase section */
		0E56AA5973F201EE3CDA4BD7 /* [CP] Copy Pods Resources */ = {
			isa = PBXShellScriptBuildPhase;
			buildActionMask = 2147483647;
			files = (
			);
			inputPaths = (
			);
			name = "[CP] Copy Pods Resources";
			outputPaths = (
			);
			runOnlyForDeploymentPostprocessing = 0;
			shellPath = /bin/sh;
			shellScript = "\"${SRCROOT}/Pods/Target Support Files/Pods-网络监听demoUITests/Pods-网络监听demoUITests-resources.sh\"\n";
			showEnvVarsInLog = 0;
		};
		11F35B3625368A5CDE0872C7 /* [CP] Check Pods Manifest.lock */ = {
			isa = PBXShellScriptBuildPhase;
			buildActionMask = 2147483647;
			files = (
			);
			inputPaths = (
			);
			name = "[CP] Check Pods Manifest.lock";
			outputPaths = (
			);
			runOnlyForDeploymentPostprocessing = 0;
			shellPath = /bin/sh;
			shellScript = "diff \"${PODS_ROOT}/../Podfile.lock\" \"${PODS_ROOT}/Manifest.lock\" > /dev/null\nif [ $? != 0 ] ; then\n    # print error to STDERR\n    echo \"error: The sandbox is not in sync with the Podfile.lock. Run 'pod install' or update your CocoaPods installation.\" >&2\n    exit 1\nfi\n";
			showEnvVarsInLog = 0;
		};
		2ABB5F2CD908988309A10047 /* [CP] Check Pods Manifest.lock */ = {
			isa = PBXShellScriptBuildPhase;
			buildActionMask = 2147483647;
			files = (
			);
			inputPaths = (
			);
			name = "[CP] Check Pods Manifest.lock";
			outputPaths = (
			);
			runOnlyForDeploymentPostprocessing = 0;
			shellPath = /bin/sh;
			shellScript = "diff \"${PODS_ROOT}/../Podfile.lock\" \"${PODS_ROOT}/Manifest.lock\" > /dev/null\nif [ $? != 0 ] ; then\n    # print error to STDERR\n    echo \"error: The sandbox is not in sync with the Podfile.lock. Run 'pod install' or update your CocoaPods installation.\" >&2\n    exit 1\nfi\n";
			showEnvVarsInLog = 0;
		};
		2F1DB3614CE6BBFB0BF5C942 /* [CP] Copy Pods Resources */ = {
			isa = PBXShellScriptBuildPhase;
			buildActionMask = 2147483647;
			files = (
			);
			inputPaths = (
			);
			name = "[CP] Copy Pods Resources";
			outputPaths = (
			);
			runOnlyForDeploymentPostprocessing = 0;
			shellPath = /bin/sh;
			shellScript = "\"${SRCROOT}/Pods/Target Support Files/Pods-网络监听demoTests/Pods-网络监听demoTests-resources.sh\"\n";
			showEnvVarsInLog = 0;
		};
		755EDE690A136636C4AABFA2 /* [CP] Embed Pods Frameworks */ = {
			isa = PBXShellScriptBuildPhase;
			buildActionMask = 2147483647;
			files = (
			);
			inputPaths = (
			);
			name = "[CP] Embed Pods Frameworks";
			outputPaths = (
			);
			runOnlyForDeploymentPostprocessing = 0;
			shellPath = /bin/sh;
			shellScript = "\"${SRCROOT}/Pods/Target Support Files/Pods-网络监听demoTests/Pods-网络监听demoTests-frameworks.sh\"\n";
			showEnvVarsInLog = 0;
		};
		DD6A75767A89AE35CAA276DD /* [CP] Copy Pods Resources */ = {
			isa = PBXShellScriptBuildPhase;
			buildActionMask = 2147483647;
			files = (
			);
			inputPaths = (
			);
			name = "[CP] Copy Pods Resources";
			outputPaths = (
			);
			runOnlyForDeploymentPostprocessing = 0;
			shellPath = /bin/sh;
			shellScript = "\"${SRCROOT}/Pods/Target Support Files/Pods-网络监听demo/Pods-网络监听demo-resources.sh\"\n";
			showEnvVarsInLog = 0;
		};
		DE75470E344E03F060FCCCE7 /* [CP] Embed Pods Frameworks */ = {
			isa = PBXShellScriptBuildPhase;
			buildActionMask = 2147483647;
			files = (
			);
			inputPaths = (
			);
			name = "[CP] Embed Pods Frameworks";
			outputPaths = (
			);
			runOnlyForDeploymentPostprocessing = 0;
			shellPath = /bin/sh;
			shellScript = "\"${SRCROOT}/Pods/Target Support Files/Pods-网络监听demoUITests/Pods-网络监听demoUITests-frameworks.sh\"\n";
			showEnvVarsInLog = 0;
		};
		EB237B131C023F72B4674908 /* [CP] Embed Pods Frameworks */ = {
			isa = PBXShellScriptBuildPhase;
			buildActionMask = 2147483647;
			files = (
			);
			inputPaths = (
			);
			name = "[CP] Embed Pods Frameworks";
			outputPaths = (
			);
			runOnlyForDeploymentPostprocessing = 0;
			shellPath = /bin/sh;
			shellScript = "\"${SRCROOT}/Pods/Target Support Files/Pods-网络监听demo/Pods-网络监听demo-frameworks.sh\"\n";
			showEnvVarsInLog = 0;
		};
		F3F9EF39DD0754AB7C6874E3 /* [CP] Check Pods Manifest.lock */ = {
			isa = PBXShellScriptBuildPhase;
			buildActionMask = 2147483647;
			files = (
			);
			inputPaths = (
			);
			name = "[CP] Check Pods Manifest.lock";
			outputPaths = (
			);
			runOnlyForDeploymentPostprocessing = 0;
			shellPath = /bin/sh;
			shellScript = "diff \"${PODS_ROOT}/../Podfile.lock\" \"${PODS_ROOT}/Manifest.lock\" > /dev/null\nif [ $? != 0 ] ; then\n    # print error to STDERR\n    echo \"error: The sandbox is not in sync with the Podfile.lock. Run 'pod install' or update your CocoaPods installation.\" >&2\n    exit 1\nfi\n";
			showEnvVarsInLog = 0;
		};
/* End PBXShellScriptBuildPhase section */

/* Begin PBXSourcesBuildPhase section */
		8E41062A1F24642A0014E69A /* Sources */ = {
			isa = PBXSourcesBuildPhase;
			buildActionMask = 2147483647;
			files = (
				8E4106391F24642A0014E69A /* ViewController.m in Sources */,
				8E4106361F24642A0014E69A /* AppDelegate.m in Sources */,
				8E4106331F24642A0014E69A /* main.m in Sources */,
			);
			runOnlyForDeploymentPostprocessing = 0;
		};
		8E4106431F24642A0014E69A /* Sources */ = {
			isa = PBXSourcesBuildPhase;
			buildActionMask = 2147483647;
			files = (
				8E41064C1F24642A0014E69A /* ____demoTests.m in Sources */,
			);
			runOnlyForDeploymentPostprocessing = 0;
		};
		8E41064E1F24642A0014E69A /* Sources */ = {
			isa = PBXSourcesBuildPhase;
			buildActionMask = 2147483647;
			files = (
				8E4106571F24642A0014E69A /* ____demoUITests.m in Sources */,
			);
			runOnlyForDeploymentPostprocessing = 0;
		};
/* End PBXSourcesBuildPhase section */

/* Begin PBXTargetDependency section */
		8E4106491F24642A0014E69A /* PBXTargetDependency */ = {
			isa = PBXTargetDependency;
			target = 8E41062D1F24642A0014E69A /* 网络监听demo */;
			targetProxy = 8E4106481F24642A0014E69A /* PBXContainerItemProxy */;
		};
		8E4106541F24642A0014E69A /* PBXTargetDependency */ = {
			isa = PBXTargetDependency;
			target = 8E41062D1F24642A0014E69A /* 网络监听demo */;
			targetProxy = 8E4106531F24642A0014E69A /* PBXContainerItemProxy */;
		};
/* End PBXTargetDependency section */

/* Begin PBXVariantGroup section */
		8E41063A1F24642A0014E69A /* Main.storyboard */ = {
			isa = PBXVariantGroup;
			children = (
				8E41063B1F24642A0014E69A /* Base */,
			);
			name = Main.storyboard;
			sourceTree = "<group>";
		};
		8E41063F1F24642A0014E69A /* LaunchScreen.storyboard */ = {
			isa = PBXVariantGroup;
			children = (
				8E4106401F24642A0014E69A /* Base */,
			);
			name = LaunchScreen.storyboard;
			sourceTree = "<group>";
		};
/* End PBXVariantGroup section */

/* Begin XCBuildConfiguration section */
		8E4106591F24642A0014E69A /* Debug */ = {
			isa = XCBuildConfiguration;
			buildSettings = {
				ALWAYS_SEARCH_USER_PATHS = NO;
				CLANG_ANALYZER_NONNULL = YES;
				CLANG_ANALYZER_NUMBER_OBJECT_CONVERSION = YES_AGGRESSIVE;
				CLANG_CXX_LANGUAGE_STANDARD = "gnu++0x";
				CLANG_CXX_LIBRARY = "libc++";
				CLANG_ENABLE_MODULES = YES;
				CLANG_ENABLE_OBJC_ARC = YES;
				CLANG_WARN_BOOL_CONVERSION = YES;
				CLANG_WARN_CONSTANT_CONVERSION = YES;
				CLANG_WARN_DIRECT_OBJC_ISA_USAGE = YES_ERROR;
				CLANG_WARN_DOCUMENTATION_COMMENTS = YES;
				CLANG_WARN_EMPTY_BODY = YES;
				CLANG_WARN_ENUM_CONVERSION = YES;
				CLANG_WARN_INFINITE_RECURSION = YES;
				CLANG_WARN_INT_CONVERSION = YES;
				CLANG_WARN_OBJC_ROOT_CLASS = YES_ERROR;
				CLANG_WARN_SUSPICIOUS_MOVE = YES;
				CLANG_WARN_UNREACHABLE_CODE = YES;
				CLANG_WARN__DUPLICATE_METHOD_MATCH = YES;
				"CODE_SIGN_IDENTITY[sdk=iphoneos*]" = "iPhone Developer";
				COPY_PHASE_STRIP = NO;
				DEBUG_INFORMATION_FORMAT = dwarf;
				ENABLE_STRICT_OBJC_MSGSEND = YES;
				ENABLE_TESTABILITY = YES;
				GCC_C_LANGUAGE_STANDARD = gnu99;
				GCC_DYNAMIC_NO_PIC = NO;
				GCC_NO_COMMON_BLOCKS = YES;
				GCC_OPTIMIZATION_LEVEL = 0;
				GCC_PRECOMPILE_PREFIX_HEADER = YES;
				GCC_PREFIX_HEADER = "网络监听demo/PCHFile.h";
				GCC_PREPROCESSOR_DEFINITIONS = (
					"DEBUG=1",
					"$(inherited)",
				);
				GCC_WARN_64_TO_32_BIT_CONVERSION = YES;
				GCC_WARN_ABOUT_RETURN_TYPE = YES_ERROR;
				GCC_WARN_UNDECLARED_SELECTOR = YES;
				GCC_WARN_UNINITIALIZED_AUTOS = YES_AGGRESSIVE;
				GCC_WARN_UNUSED_FUNCTION = YES;
				GCC_WARN_UNUSED_VARIABLE = YES;
				IPHONEOS_DEPLOYMENT_TARGET = 10.3;
				MTL_ENABLE_DEBUG_INFO = YES;
				ONLY_ACTIVE_ARCH = YES;
				SDKROOT = iphoneos;
				TARGETED_DEVICE_FAMILY = "1,2";
			};
			name = Debug;
		};
		8E41065A1F24642A0014E69A /* Release */ = {
			isa = XCBuildConfiguration;
			buildSettings = {
				ALWAYS_SEARCH_USER_PATHS = NO;
				CLANG_ANALYZER_NONNULL = YES;
				CLANG_ANALYZER_NUMBER_OBJECT_CONVERSION = YES_AGGRESSIVE;
				CLANG_CXX_LANGUAGE_STANDARD = "gnu++0x";
				CLANG_CXX_LIBRARY = "libc++";
				CLANG_ENABLE_MODULES = YES;
				CLANG_ENABLE_OBJC_ARC = YES;
				CLANG_WARN_BOOL_CONVERSION = YES;
				CLANG_WARN_CONSTANT_CONVERSION = YES;
				CLANG_WARN_DIRECT_OBJC_ISA_USAGE = YES_ERROR;
				CLANG_WARN_DOCUMENTATION_COMMENTS = YES;
				CLANG_WARN_EMPTY_BODY = YES;
				CLANG_WARN_ENUM_CONVERSION = YES;
				CLANG_WARN_INFINITE_RECURSION = YES;
				CLANG_WARN_INT_CONVERSION = YES;
				CLANG_WARN_OBJC_ROOT_CLASS = YES_ERROR;
				CLANG_WARN_SUSPICIOUS_MOVE = YES;
				CLANG_WARN_UNREACHABLE_CODE = YES;
				CLANG_WARN__DUPLICATE_METHOD_MATCH = YES;
				"CODE_SIGN_IDENTITY[sdk=iphoneos*]" = "iPhone Developer";
				COPY_PHASE_STRIP = NO;
				DEBUG_INFORMATION_FORMAT = "dwarf-with-dsym";
				ENABLE_NS_ASSERTIONS = NO;
				ENABLE_STRICT_OBJC_MSGSEND = YES;
				GCC_C_LANGUAGE_STANDARD = gnu99;
				GCC_NO_COMMON_BLOCKS = YES;
				GCC_PRECOMPILE_PREFIX_HEADER = YES;
				GCC_PREFIX_HEADER = "网络监听demo/PCHFile.h";
				GCC_WARN_64_TO_32_BIT_CONVERSION = YES;
				GCC_WARN_ABOUT_RETURN_TYPE = YES_ERROR;
				GCC_WARN_UNDECLARED_SELECTOR = YES;
				GCC_WARN_UNINITIALIZED_AUTOS = YES_AGGRESSIVE;
				GCC_WARN_UNUSED_FUNCTION = YES;
				GCC_WARN_UNUSED_VARIABLE = YES;
				IPHONEOS_DEPLOYMENT_TARGET = 10.3;
				MTL_ENABLE_DEBUG_INFO = NO;
				SDKROOT = iphoneos;
				TARGETED_DEVICE_FAMILY = "1,2";
				VALIDATE_PRODUCT = YES;
			};
			name = Release;
		};
		8E41065C1F24642A0014E69A /* Debug */ = {
			isa = XCBuildConfiguration;
			baseConfigurationReference = CCF7176A83175CCE9052B4DD /* Pods-网络监听demo.debug.xcconfig */;
			buildSettings = {
				ASSETCATALOG_COMPILER_APPICON_NAME = AppIcon;
				DEVELOPMENT_TEAM = 4UPZ28UPTA;
				INFOPLIST_FILE = "网络监听demo/Info.plist";
				LD_RUNPATH_SEARCH_PATHS = "$(inherited) @executable_path/Frameworks";
				PRODUCT_BUNDLE_IDENTIFIER = "com.citotem..----demo";
				PRODUCT_NAME = "$(TARGET_NAME)";
			};
			name = Debug;
		};
		8E41065D1F24642A0014E69A /* Release */ = {
			isa = XCBuildConfiguration;
			baseConfigurationReference = 76CFB51D61031CB310BFEF9E /* Pods-网络监听demo.release.xcconfig */;
			buildSettings = {
				ASSETCATALOG_COMPILER_APPICON_NAME = AppIcon;
				DEVELOPMENT_TEAM = 4UPZ28UPTA;
				INFOPLIST_FILE = "网络监听demo/Info.plist";
				LD_RUNPATH_SEARCH_PATHS = "$(inherited) @executable_path/Frameworks";
				PRODUCT_BUNDLE_IDENTIFIER = "com.citotem..----demo";
				PRODUCT_NAME = "$(TARGET_NAME)";
			};
			name = Release;
		};
		8E41065F1F24642A0014E69A /* Debug */ = {
			isa = XCBuildConfiguration;
			baseConfigurationReference = 72700A26A54CDD683E64E23E /* Pods-网络监听demoTests.debug.xcconfig */;
			buildSettings = {
				BUNDLE_LOADER = "$(TEST_HOST)";
				DEVELOPMENT_TEAM = 82GPY9WNDW;
				INFOPLIST_FILE = "网络监听demoTests/Info.plist";
				LD_RUNPATH_SEARCH_PATHS = "$(inherited) @executable_path/Frameworks @loader_path/Frameworks";
				PRODUCT_BUNDLE_IDENTIFIER = "com.citotem..----demoTests";
				PRODUCT_NAME = "$(TARGET_NAME)";
				TEST_HOST = "$(BUILT_PRODUCTS_DIR)/网络监听demo.app/网络监听demo";
			};
			name = Debug;
		};
		8E4106601F24642A0014E69A /* Release */ = {
			isa = XCBuildConfiguration;
			baseConfigurationReference = DBDACFDAA5F7CC64C8731EDE /* Pods-网络监听demoTests.release.xcconfig */;
			buildSettings = {
				BUNDLE_LOADER = "$(TEST_HOST)";
				DEVELOPMENT_TEAM = 82GPY9WNDW;
				INFOPLIST_FILE = "网络监听demoTests/Info.plist";
				LD_RUNPATH_SEARCH_PATHS = "$(inherited) @executable_path/Frameworks @loader_path/Frameworks";
				PRODUCT_BUNDLE_IDENTIFIER = "com.citotem..----demoTests";
				PRODUCT_NAME = "$(TARGET_NAME)";
				TEST_HOST = "$(BUILT_PRODUCTS_DIR)/网络监听demo.app/网络监听demo";
			};
			name = Release;
		};
		8E4106621F24642A0014E69A /* Debug */ = {
			isa = XCBuildConfiguration;
			baseConfigurationReference = 29B53F3546D150D304D790EB /* Pods-网络监听demoUITests.debug.xcconfig */;
			buildSettings = {
				DEVELOPMENT_TEAM = 82GPY9WNDW;
				INFOPLIST_FILE = "网络监听demoUITests/Info.plist";
				LD_RUNPATH_SEARCH_PATHS = "$(inherited) @executable_path/Frameworks @loader_path/Frameworks";
				PRODUCT_BUNDLE_IDENTIFIER = "com.citotem..----demoUITests";
				PRODUCT_NAME = "$(TARGET_NAME)";
				TEST_TARGET_NAME = "网络监听demo";
			};
			name = Debug;
		};
		8E4106631F24642A0014E69A /* Release */ = {
			isa = XCBuildConfiguration;
			baseConfigurationReference = 65FB5C37E06D3E8858D9E1F5 /* Pods-网络监听demoUITests.release.xcconfig */;
			buildSettings = {
				DEVELOPMENT_TEAM = 82GPY9WNDW;
				INFOPLIST_FILE = "网络监听demoUITests/Info.plist";
				LD_RUNPATH_SEARCH_PATHS = "$(inherited) @executable_path/Frameworks @loader_path/Frameworks";
				PRODUCT_BUNDLE_IDENTIFIER = "com.citotem..----demoUITests";
				PRODUCT_NAME = "$(TARGET_NAME)";
				TEST_TARGET_NAME = "网络监听demo";
			};
			name = Release;
		};
/* End XCBuildConfiguration section */

/* Begin XCConfigurationList section */
		8E4106291F24642A0014E69A /* Build configuration list for PBXProject "网络监听demo" */ = {
			isa = XCConfigurationList;
			buildConfigurations = (
				8E4106591F24642A0014E69A /* Debug */,
				8E41065A1F24642A0014E69A /* Release */,
			);
			defaultConfigurationIsVisible = 0;
			defaultConfigurationName = Release;
		};
		8E41065B1F24642A0014E69A /* Build configuration list for PBXNativeTarget "网络监听demo" */ = {
			isa = XCConfigurationList;
			buildConfigurations = (
				8E41065C1F24642A0014E69A /* Debug */,
				8E41065D1F24642A0014E69A /* Release */,
			);
			defaultConfigurationIsVisible = 0;
			defaultConfigurationName = Release;
		};
		8E41065E1F24642A0014E69A /* Build configuration list for PBXNativeTarget "网络监听demoTests" */ = {
			isa = XCConfigurationList;
			buildConfigurations = (
				8E41065F1F24642A0014E69A /* Debug */,
				8E4106601F24642A0014E69A /* Release */,
			);
			defaultConfigurationIsVisible = 0;
			defaultConfigurationName = Release;
		};
		8E4106611F24642A0014E69A /* Build configuration list for PBXNativeTarget "网络监听demoUITests" */ = {
			isa = XCConfigurationList;
			buildConfigurations = (
				8E4106621F24642A0014E69A /* Debug */,
				8E4106631F24642A0014E69A /* Release */,
			);
			defaultConfigurationIsVisible = 0;
			defaultConfigurationName = Release;
		};
/* End XCConfigurationList section */
	};
	rootObject = 8E4106261F24642A0014E69A /* Project object */;
}
