// !$*UTF8*$!
{
	archiveVersion = 1;
	classes = {
	};
	objectVersion = 46;
	objects = {

/* Begin PBXBuildFile section */
		467B6B50FDE8F3C20A3B8996 /* libPods-网络监听demo2Tests.a in Frameworks */ = {isa = PBXBuildFile; fileRef = 32849607AA3A64A7F85EB176 /* libPods-网络监听demo2Tests.a */; };
		6A9A03594BF0B7CF4E033851 /* libPods-网络监听demo2UITests.a in Frameworks */ = {isa = PBXBuildFile; fileRef = 1CCB69663420D33A7C4B2B3B /* libPods-网络监听demo2UITests.a */; };
		80C3D9839C46BB6C68A80F21 /* libPods-网络监听demo2.a in Frameworks */ = {isa = PBXBuildFile; fileRef = 1D1F844EAE469BA1FAB706BA /* libPods-网络监听demo2.a */; };
		8E4106731F246CCE0014E69A /* main.m in Sources */ = {isa = PBXBuildFile; fileRef = 8E4106721F246CCE0014E69A /* main.m */; };
		8E4106761F246CCE0014E69A /* AppDelegate.m in Sources */ = {isa = PBXBuildFile; fileRef = 8E4106751F246CCE0014E69A /* AppDelegate.m */; };
		8E4106791F246CCE0014E69A /* ViewController.m in Sources */ = {isa = PBXBuildFile; fileRef = 8E4106781F246CCE0014E69A /* ViewController.m */; };
		8E41067C1F246CCE0014E69A /* Main.storyboard in Resources */ = {isa = PBXBuildFile; fileRef = 8E41067A1F246CCE0014E69A /* Main.storyboard */; };
		8E41067E1F246CCE0014E69A /* Assets.xcassets in Resources */ = {isa = PBXBuildFile; fileRef = 8E41067D1F246CCE0014E69A /* Assets.xcassets */; };
		8E4106811F246CCE0014E69A /* LaunchScreen.storyboard in Resources */ = {isa = PBXBuildFile; fileRef = 8E41067F1F246CCE0014E69A /* LaunchScreen.storyboard */; };
		8E41068C1F246CCE0014E69A /* ____demo2Tests.m in Sources */ = {isa = PBXBuildFile; fileRef = 8E41068B1F246CCE0014E69A /* ____demo2Tests.m */; };
		8E4106971F246CCF0014E69A /* ____demo2UITests.m in Sources */ = {isa = PBXBuildFile; fileRef = 8E4106961F246CCF0014E69A /* ____demo2UITests.m */; };
		8E4106AA1F246F280014E69A /* Const.m in Sources */ = {isa = PBXBuildFile; fileRef = 8E4106A91F246F280014E69A /* Const.m */; };
/* End PBXBuildFile section */

/* Begin PBXContainerItemProxy section */
		8E4106881F246CCE0014E69A /* PBXContainerItemProxy */ = {
			isa = PBXContainerItemProxy;
			containerPortal = 8E4106661F246CCE0014E69A /* Project object */;
			proxyType = 1;
			remoteGlobalIDString = 8E41066D1F246CCE0014E69A;
			remoteInfo = "网络监听demo2";
		};
		8E4106931F246CCF0014E69A /* PBXContainerItemProxy */ = {
			isa = PBXContainerItemProxy;
			containerPortal = 8E4106661F246CCE0014E69A /* Project object */;
			proxyType = 1;
			remoteGlobalIDString = 8E41066D1F246CCE0014E69A;
			remoteInfo = "网络监听demo2";
		};
/* End PBXContainerItemProxy section */

/* Begin PBXFileReference section */
		0AC6591068374EB70F5B2C2F /* Pods-网络监听demo2UITests.debug.xcconfig */ = {isa = PBXFileReference; includeInIndex = 1; lastKnownFileType = text.xcconfig; name = "Pods-网络监听demo2UITests.debug.xcconfig"; path = "Pods/Target Support Files/Pods-网络监听demo2UITests/Pods-网络监听demo2UITests.debug.xcconfig"; sourceTree = "<group>"; };
		1CCB69663420D33A7C4B2B3B /* libPods-网络监听demo2UITests.a */ = {isa = PBXFileReference; explicitFileType = archive.ar; includeInIndex = 0; path = "libPods-网络监听demo2UITests.a"; sourceTree = BUILT_PRODUCTS_DIR; };
		1D1F844EAE469BA1FAB706BA /* libPods-网络监听demo2.a */ = {isa = PBXFileReference; explicitFileType = archive.ar; includeInIndex = 0; path = "libPods-网络监听demo2.a"; sourceTree = BUILT_PRODUCTS_DIR; };
		32849607AA3A64A7F85EB176 /* libPods-网络监听demo2Tests.a */ = {isa = PBXFileReference; explicitFileType = archive.ar; includeInIndex = 0; path = "libPods-网络监听demo2Tests.a"; sourceTree = BUILT_PRODUCTS_DIR; };
		3EFC49D9E6B3D5003C55A52E /* Pods-网络监听demo2.debug.xcconfig */ = {isa = PBXFileReference; includeInIndex = 1; lastKnownFileType = text.xcconfig; name = "Pods-网络监听demo2.debug.xcconfig"; path = "Pods/Target Support Files/Pods-网络监听demo2/Pods-网络监听demo2.debug.xcconfig"; sourceTree = "<group>"; };
		5DF6BB12B492E409BBA00FA3 /* Pods-网络监听demo2.release.xcconfig */ = {isa = PBXFileReference; includeInIndex = 1; lastKnownFileType = text.xcconfig; name = "Pods-网络监听demo2.release.xcconfig"; path = "Pods/Target Support Files/Pods-网络监听demo2/Pods-网络监听demo2.release.xcconfig"; sourceTree = "<group>"; };
		828DA1F99B4E9BC88CB9C481 /* Pods-网络监听demo2Tests.release.xcconfig */ = {isa = PBXFileReference; includeInIndex = 1; lastKnownFileType = text.xcconfig; name = "Pods-网络监听demo2Tests.release.xcconfig"; path = "Pods/Target Support Files/Pods-网络监听demo2Tests/Pods-网络监听demo2Tests.release.xcconfig"; sourceTree = "<group>"; };
		8E41066E1F246CCE0014E69A /* 网络监听demo2.app */ = {isa = PBXFileReference; explicitFileType = wrapper.application; includeInIndex = 0; path = "网络监听demo2.app"; sourceTree = BUILT_PRODUCTS_DIR; };
		8E4106721F246CCE0014E69A /* main.m */ = {isa = PBXFileReference; lastKnownFileType = sourcecode.c.objc; path = main.m; sourceTree = "<group>"; };
		8E4106741F246CCE0014E69A /* AppDelegate.h */ = {isa = PBXFileReference; lastKnownFileType = sourcecode.c.h; path = AppDelegate.h; sourceTree = "<group>"; };
		8E4106751F246CCE0014E69A /* AppDelegate.m */ = {isa = PBXFileReference; lastKnownFileType = sourcecode.c.objc; path = AppDelegate.m; sourceTree = "<group>"; };
		8E4106771F246CCE0014E69A /* ViewController.h */ = {isa = PBXFileReference; lastKnownFileType = sourcecode.c.h; path = ViewController.h; sourceTree = "<group>"; };
		8E4106781F246CCE0014E69A /* ViewController.m */ = {isa = PBXFileReference; lastKnownFileType = sourcecode.c.objc; path = ViewController.m; sourceTree = "<group>"; };
		8E41067B1F246CCE0014E69A /* Base */ = {isa = PBXFileReference; lastKnownFileType = file.storyboard; name = Base; path = Base.lproj/Main.storyboard; sourceTree = "<group>"; };
		8E41067D1F246CCE0014E69A /* Assets.xcassets */ = {isa = PBXFileReference; lastKnownFileType = folder.assetcatalog; path = Assets.xcassets; sourceTree = "<group>"; };
		8E4106801F246CCE0014E69A /* Base */ = {isa = PBXFileReference; lastKnownFileType = file.storyboard; name = Base; path = Base.lproj/LaunchScreen.storyboard; sourceTree = "<group>"; };
		8E4106821F246CCE0014E69A /* Info.plist */ = {isa = PBXFileReference; lastKnownFileType = text.plist.xml; path = Info.plist; sourceTree = "<group>"; };
		8E4106871F246CCE0014E69A /* 网络监听demo2Tests.xctest */ = {isa = PBXFileReference; explicitFileType = wrapper.cfbundle; includeInIndex = 0; path = "网络监听demo2Tests.xctest"; sourceTree = BUILT_PRODUCTS_DIR; };
		8E41068B1F246CCE0014E69A /* ____demo2Tests.m */ = {isa = PBXFileReference; lastKnownFileType = sourcecode.c.objc; path = "____demo2Tests.m"; sourceTree = "<group>"; };
		8E41068D1F246CCE0014E69A /* Info.plist */ = {isa = PBXFileReference; lastKnownFileType = text.plist.xml; path = Info.plist; sourceTree = "<group>"; };
		8E4106921F246CCE0014E69A /* 网络监听demo2UITests.xctest */ = {isa = PBXFileReference; explicitFileType = wrapper.cfbundle; includeInIndex = 0; path = "网络监听demo2UITests.xctest"; sourceTree = BUILT_PRODUCTS_DIR; };
		8E4106961F246CCF0014E69A /* ____demo2UITests.m */ = {isa = PBXFileReference; lastKnownFileType = sourcecode.c.objc; path = "____demo2UITests.m"; sourceTree = "<group>"; };
		8E4106981F246CCF0014E69A /* Info.plist */ = {isa = PBXFileReference; lastKnownFileType = text.plist.xml; path = Info.plist; sourceTree = "<group>"; };
		8E4106A41F246D360014E69A /* PCHFile.h */ = {isa = PBXFileReference; lastKnownFileType = sourcecode.c.h; path = PCHFile.h; sourceTree = "<group>"; };
		8E4106A81F246F280014E69A /* Const.h */ = {isa = PBXFileReference; fileEncoding = 4; lastKnownFileType = sourcecode.c.h; path = Const.h; sourceTree = "<group>"; };
		8E4106A91F246F280014E69A /* Const.m */ = {isa = PBXFileReference; fileEncoding = 4; lastKnownFileType = sourcecode.c.objc; path = Const.m; sourceTree = "<group>"; };
		B85FAB4E2FB8E7B530BCB3A9 /* Pods-网络监听demo2UITests.release.xcconfig */ = {isa = PBXFileReference; includeInIndex = 1; lastKnownFileType = text.xcconfig; name = "Pods-网络监听demo2UITests.release.xcconfig"; path = "Pods/Target Support Files/Pods-网络监听demo2UITests/Pods-网络监听demo2UITests.release.xcconfig"; sourceTree = "<group>"; };
		EB60AE18C4B1E0C9AC9A1EE3 /* Pods-网络监听demo2Tests.debug.xcconfig */ = {isa = PBXFileReference; includeInIndex = 1; lastKnownFileType = text.xcconfig; name = "Pods-网络监听demo2Tests.debug.xcconfig"; path = "Pods/Target Support Files/Pods-网络监听demo2Tests/Pods-网络监听demo2Tests.debug.xcconfig"; sourceTree = "<group>"; };
/* End PBXFileReference section */

/* Begin PBXFrameworksBuildPhase section */
		8E41066B1F246CCE0014E69A /* Frameworks */ = {
			isa = PBXFrameworksBuildPhase;
			buildActionMask = 2147483647;
			files = (
				80C3D9839C46BB6C68A80F21 /* libPods-网络监听demo2.a in Frameworks */,
			);
			runOnlyForDeploymentPostprocessing = 0;
		};
		8E4106841F246CCE0014E69A /* Frameworks */ = {
			isa = PBXFrameworksBuildPhase;
			buildActionMask = 2147483647;
			files = (
				467B6B50FDE8F3C20A3B8996 /* libPods-网络监听demo2Tests.a in Frameworks */,
			);
			runOnlyForDeploymentPostprocessing = 0;
		};
		8E41068F1F246CCE0014E69A /* Frameworks */ = {
			isa = PBXFrameworksBuildPhase;
			buildActionMask = 2147483647;
			files = (
				6A9A03594BF0B7CF4E033851 /* libPods-网络监听demo2UITests.a in Frameworks */,
			);
			runOnlyForDeploymentPostprocessing = 0;
		};
/* End PBXFrameworksBuildPhase section */

/* Begin PBXGroup section */
		8E4106651F246CCE0014E69A = {
			isa = PBXGroup;
			children = (
				8E4106701F246CCE0014E69A /* 网络监听demo2 */,
				8E41068A1F246CCE0014E69A /* 网络监听demo2Tests */,
				8E4106951F246CCF0014E69A /* 网络监听demo2UITests */,
				8E41066F1F246CCE0014E69A /* Products */,
				F36A6C21E1F6B7ECDBC0E11D /* Pods */,
				9149F9C3BC23BCBB5EA1900F /* Frameworks */,
			);
			sourceTree = "<group>";
		};
		8E41066F1F246CCE0014E69A /* Products */ = {
			isa = PBXGroup;
			children = (
				8E41066E1F246CCE0014E69A /* 网络监听demo2.app */,
				8E4106871F246CCE0014E69A /* 网络监听demo2Tests.xctest */,
				8E4106921F246CCE0014E69A /* 网络监听demo2UITests.xctest */,
			);
			name = Products;
			sourceTree = "<group>";
		};
		8E4106701F246CCE0014E69A /* 网络监听demo2 */ = {
			isa = PBXGroup;
			children = (
				8E4106741F246CCE0014E69A /* AppDelegate.h */,
				8E4106751F246CCE0014E69A /* AppDelegate.m */,
				8E4106771F246CCE0014E69A /* ViewController.h */,
				8E4106781F246CCE0014E69A /* ViewController.m */,
				8E41067A1F246CCE0014E69A /* Main.storyboard */,
				8E4106A41F246D360014E69A /* PCHFile.h */,
				8E4106A81F246F280014E69A /* Const.h */,
				8E4106A91F246F280014E69A /* Const.m */,
				8E41067D1F246CCE0014E69A /* Assets.xcassets */,
				8E41067F1F246CCE0014E69A /* LaunchScreen.storyboard */,
				8E4106821F246CCE0014E69A /* Info.plist */,
				8E4106711F246CCE0014E69A /* Supporting Files */,
			);
			path = "网络监听demo2";
			sourceTree = "<group>";
		};
		8E4106711F246CCE0014E69A /* Supporting Files */ = {
			isa = PBXGroup;
			children = (
				8E4106721F246CCE0014E69A /* main.m */,
			);
			name = "Supporting Files";
			sourceTree = "<group>";
		};
		8E41068A1F246CCE0014E69A /* 网络监听demo2Tests */ = {
			isa = PBXGroup;
			children = (
				8E41068B1F246CCE0014E69A /* ____demo2Tests.m */,
				8E41068D1F246CCE0014E69A /* Info.plist */,
			);
			path = "网络监听demo2Tests";
			sourceTree = "<group>";
		};
		8E4106951F246CCF0014E69A /* 网络监听demo2UITests */ = {
			isa = PBXGroup;
			children = (
				8E4106961F246CCF0014E69A /* ____demo2UITests.m */,
				8E4106981F246CCF0014E69A /* Info.plist */,
			);
			path = "网络监听demo2UITests";
			sourceTree = "<group>";
		};
		9149F9C3BC23BCBB5EA1900F /* Frameworks */ = {
			isa = PBXGroup;
			children = (
				1D1F844EAE469BA1FAB706BA /* libPods-网络监听demo2.a */,
				32849607AA3A64A7F85EB176 /* libPods-网络监听demo2Tests.a */,
				1CCB69663420D33A7C4B2B3B /* libPods-网络监听demo2UITests.a */,
			);
			name = Frameworks;
			sourceTree = "<group>";
		};
		F36A6C21E1F6B7ECDBC0E11D /* Pods */ = {
			isa = PBXGroup;
			children = (
				3EFC49D9E6B3D5003C55A52E /* Pods-网络监听demo2.debug.xcconfig */,
				5DF6BB12B492E409BBA00FA3 /* Pods-网络监听demo2.release.xcconfig */,
				EB60AE18C4B1E0C9AC9A1EE3 /* Pods-网络监听demo2Tests.debug.xcconfig */,
				828DA1F99B4E9BC88CB9C481 /* Pods-网络监听demo2Tests.release.xcconfig */,
				0AC6591068374EB70F5B2C2F /* Pods-网络监听demo2UITests.debug.xcconfig */,
				B85FAB4E2FB8E7B530BCB3A9 /* Pods-网络监听demo2UITests.release.xcconfig */,
			);
			name = Pods;
			sourceTree = "<group>";
		};
/* End PBXGroup section */

/* Begin PBXNativeTarget section */
		8E41066D1F246CCE0014E69A /* 网络监听demo2 */ = {
			isa = PBXNativeTarget;
			buildConfigurationList = 8E41069B1F246CCF0014E69A /* Build configuration list for PBXNativeTarget "网络监听demo2" */;
			buildPhases = (
				701A64945A8DAE389F3F7E84 /* [CP] Check Pods Manifest.lock */,
				8E41066A1F246CCE0014E69A /* Sources */,
				8E41066B1F246CCE0014E69A /* Frameworks */,
				8E41066C1F246CCE0014E69A /* Resources */,
				36B7EDC861B8C8F4B9A7FC83 /* [CP] Embed Pods Frameworks */,
				DBAF49269EA5482E7C1950D6 /* [CP] Copy Pods Resources */,
			);
			buildRules = (
			);
			dependencies = (
			);
			name = "网络监听demo2";
			productName = "网络监听demo2";
			productReference = 8E41066E1F246CCE0014E69A /* 网络监听demo2.app */;
			productType = "com.apple.product-type.application";
		};
		8E4106861F246CCE0014E69A /* 网络监听demo2Tests */ = {
			isa = PBXNativeTarget;
			buildConfigurationList = 8E41069E1F246CCF0014E69A /* Build configuration list for PBXNativeTarget "网络监听demo2Tests" */;
			buildPhases = (
				6DBA8F1B9E4031F33AC4DEAE /* [CP] Check Pods Manifest.lock */,
				8E4106831F246CCE0014E69A /* Sources */,
				8E4106841F246CCE0014E69A /* Frameworks */,
				8E4106851F246CCE0014E69A /* Resources */,
				40C72EB5FAE34E20FA2AD69F /* [CP] Embed Pods Frameworks */,
				D8B7B2AF7334BE9A0E0D2DFC /* [CP] Copy Pods Resources */,
			);
			buildRules = (
			);
			dependencies = (
				8E4106891F246CCE0014E69A /* PBXTargetDependency */,
			);
			name = "网络监听demo2Tests";
			productName = "网络监听demo2Tests";
			productReference = 8E4106871F246CCE0014E69A /* 网络监听demo2Tests.xctest */;
			productType = "com.apple.product-type.bundle.unit-test";
		};
		8E4106911F246CCE0014E69A /* 网络监听demo2UITests */ = {
			isa = PBXNativeTarget;
			buildConfigurationList = 8E4106A11F246CCF0014E69A /* Build configuration list for PBXNativeTarget "网络监听demo2UITests" */;
			buildPhases = (
				A7D3BCE8F0EBDA439C075D9D /* [CP] Check Pods Manifest.lock */,
				8E41068E1F246CCE0014E69A /* Sources */,
				8E41068F1F246CCE0014E69A /* Frameworks */,
				8E4106901F246CCE0014E69A /* Resources */,
				AA51CCB269526EA4801B5AAB /* [CP] Embed Pods Frameworks */,
				B414F089F3DB605813960981 /* [CP] Copy Pods Resources */,
			);
			buildRules = (
			);
			dependencies = (
				8E4106941F246CCF0014E69A /* PBXTargetDependency */,
			);
			name = "网络监听demo2UITests";
			productName = "网络监听demo2UITests";
			productReference = 8E4106921F246CCE0014E69A /* 网络监听demo2UITests.xctest */;
			productType = "com.apple.product-type.bundle.ui-testing";
		};
/* End PBXNativeTarget section */

/* Begin PBXProject section */
		8E4106661F246CCE0014E69A /* Project object */ = {
			isa = PBXProject;
			attributes = {
				LastUpgradeCheck = 0830;
				ORGANIZATIONNAME = citotem;
				TargetAttributes = {
					8E41066D1F246CCE0014E69A = {
						CreatedOnToolsVersion = 8.3.3;
						DevelopmentTeam = 4UPZ28UPTA;
						ProvisioningStyle = Automatic;
					};
					8E4106861F246CCE0014E69A = {
						CreatedOnToolsVersion = 8.3.3;
						DevelopmentTeam = 82GPY9WNDW;
						ProvisioningStyle = Automatic;
						TestTargetID = 8E41066D1F246CCE0014E69A;
					};
					8E4106911F246CCE0014E69A = {
						CreatedOnToolsVersion = 8.3.3;
						DevelopmentTeam = 82GPY9WNDW;
						ProvisioningStyle = Automatic;
						TestTargetID = 8E41066D1F246CCE0014E69A;
					};
				};
			};
			buildConfigurationList = 8E4106691F246CCE0014E69A /* Build configuration list for PBXProject "网络监听demo2" */;
			compatibilityVersion = "Xcode 3.2";
			developmentRegion = English;
			hasScannedForEncodings = 0;
			knownRegions = (
				en,
				Base,
			);
			mainGroup = 8E4106651F246CCE0014E69A;
			productRefGroup = 8E41066F1F246CCE0014E69A /* Products */;
			projectDirPath = "";
			projectRoot = "";
			targets = (
				8E41066D1F246CCE0014E69A /* 网络监听demo2 */,
				8E4106861F246CCE0014E69A /* 网络监听demo2Tests */,
				8E4106911F246CCE0014E69A /* 网络监听demo2UITests */,
			);
		};
/* End PBXProject section */

/* Begin PBXResourcesBuildPhase section */
		8E41066C1F246CCE0014E69A /* Resources */ = {
			isa = PBXResourcesBuildPhase;
			buildActionMask = 2147483647;
			files = (
				8E4106811F246CCE0014E69A /* LaunchScreen.storyboard in Resources */,
				8E41067E1F246CCE0014E69A /* Assets.xcassets in Resources */,
				8E41067C1F246CCE0014E69A /* Main.storyboard in Resources */,
			);
			runOnlyForDeploymentPostprocessing = 0;
		};
		8E4106851F246CCE0014E69A /* Resources */ = {
			isa = PBXResourcesBuildPhase;
			buildActionMask = 2147483647;
			files = (
			);
			runOnlyForDeploymentPostprocessing = 0;
		};
		8E4106901F246CCE0014E69A /* Resources */ = {
			isa = PBXResourcesBuildPhase;
			buildActionMask = 2147483647;
			files = (
			);
			runOnlyForDeploymentPostprocessing = 0;
		};
/* End PBXResourcesBuildPhase section */

/* Begin PBXShellScriptBuildPhase section */
		36B7EDC861B8C8F4B9A7FC83 /* [CP] Embed Pods Frameworks */ = {
			isa = PBXShellScriptBuildPhase;
			buildActionMask = 2147483647;
			files = (
			);
			inputPaths = (
			);
			name = "[CP] Embed Pods Frameworks";
			outputPaths = (
			);
			runOnlyForDeploymentPostprocessing = 0;
			shellPath = /bin/sh;
			shellScript = "\"${SRCROOT}/Pods/Target Support Files/Pods-网络监听demo2/Pods-网络监听demo2-frameworks.sh\"\n";
			showEnvVarsInLog = 0;
		};
		40C72EB5FAE34E20FA2AD69F /* [CP] Embed Pods Frameworks */ = {
			isa = PBXShellScriptBuildPhase;
			buildActionMask = 2147483647;
			files = (
			);
			inputPaths = (
			);
			name = "[CP] Embed Pods Frameworks";
			outputPaths = (
			);
			runOnlyForDeploymentPostprocessing = 0;
			shellPath = /bin/sh;
			shellScript = "\"${SRCROOT}/Pods/Target Support Files/Pods-网络监听demo2Tests/Pods-网络监听demo2Tests-frameworks.sh\"\n";
			showEnvVarsInLog = 0;
		};
		6DBA8F1B9E4031F33AC4DEAE /* [CP] Check Pods Manifest.lock */ = {
			isa = PBXShellScriptBuildPhase;
			buildActionMask = 2147483647;
			files = (
			);
			inputPaths = (
			);
			name = "[CP] Check Pods Manifest.lock";
			outputPaths = (
			);
			runOnlyForDeploymentPostprocessing = 0;
			shellPath = /bin/sh;
			shellScript = "diff \"${PODS_ROOT}/../Podfile.lock\" \"${PODS_ROOT}/Manifest.lock\" > /dev/null\nif [ $? != 0 ] ; then\n    # print error to STDERR\n    echo \"error: The sandbox is not in sync with the Podfile.lock. Run 'pod install' or update your CocoaPods installation.\" >&2\n    exit 1\nfi\n";
			showEnvVarsInLog = 0;
		};
		701A64945A8DAE389F3F7E84 /* [CP] Check Pods Manifest.lock */ = {
			isa = PBXShellScriptBuildPhase;
			buildActionMask = 2147483647;
			files = (
			);
			inputPaths = (
			);
			name = "[CP] Check Pods Manifest.lock";
			outputPaths = (
			);
			runOnlyForDeploymentPostprocessing = 0;
			shellPath = /bin/sh;
			shellScript = "diff \"${PODS_ROOT}/../Podfile.lock\" \"${PODS_ROOT}/Manifest.lock\" > /dev/null\nif [ $? != 0 ] ; then\n    # print error to STDERR\n    echo \"error: The sandbox is not in sync with the Podfile.lock. Run 'pod install' or update your CocoaPods installation.\" >&2\n    exit 1\nfi\n";
			showEnvVarsInLog = 0;
		};
		A7D3BCE8F0EBDA439C075D9D /* [CP] Check Pods Manifest.lock */ = {
			isa = PBXShellScriptBuildPhase;
			buildActionMask = 2147483647;
			files = (
			);
			inputPaths = (
			);
			name = "[CP] Check Pods Manifest.lock";
			outputPaths = (
			);
			runOnlyForDeploymentPostprocessing = 0;
			shellPath = /bin/sh;
			shellScript = "diff \"${PODS_ROOT}/../Podfile.lock\" \"${PODS_ROOT}/Manifest.lock\" > /dev/null\nif [ $? != 0 ] ; then\n    # print error to STDERR\n    echo \"error: The sandbox is not in sync with the Podfile.lock. Run 'pod install' or update your CocoaPods installation.\" >&2\n    exit 1\nfi\n";
			showEnvVarsInLog = 0;
		};
		AA51CCB269526EA4801B5AAB /* [CP] Embed Pods Frameworks */ = {
			isa = PBXShellScriptBuildPhase;
			buildActionMask = 2147483647;
			files = (
			);
			inputPaths = (
			);
			name = "[CP] Embed Pods Frameworks";
			outputPaths = (
			);
			runOnlyForDeploymentPostprocessing = 0;
			shellPath = /bin/sh;
			shellScript = "\"${SRCROOT}/Pods/Target Support Files/Pods-网络监听demo2UITests/Pods-网络监听demo2UITests-frameworks.sh\"\n";
			showEnvVarsInLog = 0;
		};
		B414F089F3DB605813960981 /* [CP] Copy Pods Resources */ = {
			isa = PBXShellScriptBuildPhase;
			buildActionMask = 2147483647;
			files = (
			);
			inputPaths = (
			);
			name = "[CP] Copy Pods Resources";
			outputPaths = (
			);
			runOnlyForDeploymentPostprocessing = 0;
			shellPath = /bin/sh;
			shellScript = "\"${SRCROOT}/Pods/Target Support Files/Pods-网络监听demo2UITests/Pods-网络监听demo2UITests-resources.sh\"\n";
			showEnvVarsInLog = 0;
		};
		D8B7B2AF7334BE9A0E0D2DFC /* [CP] Copy Pods Resources */ = {
			isa = PBXShellScriptBuildPhase;
			buildActionMask = 2147483647;
			files = (
			);
			inputPaths = (
			);
			name = "[CP] Copy Pods Resources";
			outputPaths = (
			);
			runOnlyForDeploymentPostprocessing = 0;
			shellPath = /bin/sh;
			shellScript = "\"${SRCROOT}/Pods/Target Support Files/Pods-网络监听demo2Tests/Pods-网络监听demo2Tests-resources.sh\"\n";
			showEnvVarsInLog = 0;
		};
		DBAF49269EA5482E7C1950D6 /* [CP] Copy Pods Resources */ = {
			isa = PBXShellScriptBuildPhase;
			buildActionMask = 2147483647;
			files = (
			);
			inputPaths = (
			);
			name = "[CP] Copy Pods Resources";
			outputPaths = (
			);
			runOnlyForDeploymentPostprocessing = 0;
			shellPath = /bin/sh;
			shellScript = "\"${SRCROOT}/Pods/Target Support Files/Pods-网络监听demo2/Pods-网络监听demo2-resources.sh\"\n";
			showEnvVarsInLog = 0;
		};
/* End PBXShellScriptBuildPhase section */

/* Begin PBXSourcesBuildPhase section */
		8E41066A1F246CCE0014E69A /* Sources */ = {
			isa = PBXSourcesBuildPhase;
			buildActionMask = 2147483647;
			files = (
				8E4106791F246CCE0014E69A /* ViewController.m in Sources */,
				8E4106AA1F246F280014E69A /* Const.m in Sources */,
				8E4106761F246CCE0014E69A /* AppDelegate.m in Sources */,
				8E4106731F246CCE0014E69A /* main.m in Sources */,
			);
			runOnlyForDeploymentPostprocessing = 0;
		};
		8E4106831F246CCE0014E69A /* Sources */ = {
			isa = PBXSourcesBuildPhase;
			buildActionMask = 2147483647;
			files = (
				8E41068C1F246CCE0014E69A /* ____demo2Tests.m in Sources */,
			);
			runOnlyForDeploymentPostprocessing = 0;
		};
		8E41068E1F246CCE0014E69A /* Sources */ = {
			isa = PBXSourcesBuildPhase;
			buildActionMask = 2147483647;
			files = (
				8E4106971F246CCF0014E69A /* ____demo2UITests.m in Sources */,
			);
			runOnlyForDeploymentPostprocessing = 0;
		};
/* End PBXSourcesBuildPhase section */

/* Begin PBXTargetDependency section */
		8E4106891F246CCE0014E69A /* PBXTargetDependency */ = {
			isa = PBXTargetDependency;
			target = 8E41066D1F246CCE0014E69A /* 网络监听demo2 */;
			targetProxy = 8E4106881F246CCE0014E69A /* PBXContainerItemProxy */;
		};
		8E4106941F246CCF0014E69A /* PBXTargetDependency */ = {
			isa = PBXTargetDependency;
			target = 8E41066D1F246CCE0014E69A /* 网络监听demo2 */;
			targetProxy = 8E4106931F246CCF0014E69A /* PBXContainerItemProxy */;
		};
/* End PBXTargetDependency section */

/* Begin PBXVariantGroup section */
		8E41067A1F246CCE0014E69A /* Main.storyboard */ = {
			isa = PBXVariantGroup;
			children = (
				8E41067B1F246CCE0014E69A /* Base */,
			);
			name = Main.storyboard;
			sourceTree = "<group>";
		};
		8E41067F1F246CCE0014E69A /* LaunchScreen.storyboard */ = {
			isa = PBXVariantGroup;
			children = (
				8E4106801F246CCE0014E69A /* Base */,
			);
			name = LaunchScreen.storyboard;
			sourceTree = "<group>";
		};
/* End PBXVariantGroup section */

/* Begin XCBuildConfiguration section */
		8E4106991F246CCF0014E69A /* Debug */ = {
			isa = XCBuildConfiguration;
			buildSettings = {
				ALWAYS_SEARCH_USER_PATHS = NO;
				CLANG_ANALYZER_NONNULL = YES;
				CLANG_ANALYZER_NUMBER_OBJECT_CONVERSION = YES_AGGRESSIVE;
				CLANG_CXX_LANGUAGE_STANDARD = "gnu++0x";
				CLANG_CXX_LIBRARY = "libc++";
				CLANG_ENABLE_MODULES = YES;
				CLANG_ENABLE_OBJC_ARC = YES;
				CLANG_WARN_BOOL_CONVERSION = YES;
				CLANG_WARN_CONSTANT_CONVERSION = YES;
				CLANG_WARN_DIRECT_OBJC_ISA_USAGE = YES_ERROR;
				CLANG_WARN_DOCUMENTATION_COMMENTS = YES;
				CLANG_WARN_EMPTY_BODY = YES;
				CLANG_WARN_ENUM_CONVERSION = YES;
				CLANG_WARN_INFINITE_RECURSION = YES;
				CLANG_WARN_INT_CONVERSION = YES;
				CLANG_WARN_OBJC_ROOT_CLASS = YES_ERROR;
				CLANG_WARN_SUSPICIOUS_MOVE = YES;
				CLANG_WARN_UNREACHABLE_CODE = YES;
				CLANG_WARN__DUPLICATE_METHOD_MATCH = YES;
				"CODE_SIGN_IDENTITY[sdk=iphoneos*]" = "iPhone Developer";
				COPY_PHASE_STRIP = NO;
				DEBUG_INFORMATION_FORMAT = dwarf;
				ENABLE_STRICT_OBJC_MSGSEND = YES;
				ENABLE_TESTABILITY = YES;
				GCC_C_LANGUAGE_STANDARD = gnu99;
				GCC_DYNAMIC_NO_PIC = NO;
				GCC_NO_COMMON_BLOCKS = YES;
				GCC_OPTIMIZATION_LEVEL = 0;
				GCC_PREPROCESSOR_DEFINITIONS = (
					"DEBUG=1",
					"$(inherited)",
				);
				GCC_WARN_64_TO_32_BIT_CONVERSION = YES;
				GCC_WARN_ABOUT_RETURN_TYPE = YES_ERROR;
				GCC_WARN_UNDECLARED_SELECTOR = YES;
				GCC_WARN_UNINITIALIZED_AUTOS = YES_AGGRESSIVE;
				GCC_WARN_UNUSED_FUNCTION = YES;
				GCC_WARN_UNUSED_VARIABLE = YES;
				IPHONEOS_DEPLOYMENT_TARGET = 10.3;
				MTL_ENABLE_DEBUG_INFO = YES;
				ONLY_ACTIVE_ARCH = YES;
				SDKROOT = iphoneos;
				TARGETED_DEVICE_FAMILY = "1,2";
			};
			name = Debug;
		};
		8E41069A1F246CCF0014E69A /* Release */ = {
			isa = XCBuildConfiguration;
			buildSettings = {
				ALWAYS_SEARCH_USER_PATHS = NO;
				CLANG_ANALYZER_NONNULL = YES;
				CLANG_ANALYZER_NUMBER_OBJECT_CONVERSION = YES_AGGRESSIVE;
				CLANG_CXX_LANGUAGE_STANDARD = "gnu++0x";
				CLANG_CXX_LIBRARY = "libc++";
				CLANG_ENABLE_MODULES = YES;
				CLANG_ENABLE_OBJC_ARC = YES;
				CLANG_WARN_BOOL_CONVERSION = YES;
				CLANG_WARN_CONSTANT_CONVERSION = YES;
				CLANG_WARN_DIRECT_OBJC_ISA_USAGE = YES_ERROR;
				CLANG_WARN_DOCUMENTATION_COMMENTS = YES;
				CLANG_WARN_EMPTY_BODY = YES;
				CLANG_WARN_ENUM_CONVERSION = YES;
				CLANG_WARN_INFINITE_RECURSION = YES;
				CLANG_WARN_INT_CONVERSION = YES;
				CLANG_WARN_OBJC_ROOT_CLASS = YES_ERROR;
				CLANG_WARN_SUSPICIOUS_MOVE = YES;
				CLANG_WARN_UNREACHABLE_CODE = YES;
				CLANG_WARN__DUPLICATE_METHOD_MATCH = YES;
				"CODE_SIGN_IDENTITY[sdk=iphoneos*]" = "iPhone Developer";
				COPY_PHASE_STRIP = NO;
				DEBUG_INFORMATION_FORMAT = "dwarf-with-dsym";
				ENABLE_NS_ASSERTIONS = NO;
				ENABLE_STRICT_OBJC_MSGSEND = YES;
				GCC_C_LANGUAGE_STANDARD = gnu99;
				GCC_NO_COMMON_BLOCKS = YES;
				GCC_WARN_64_TO_32_BIT_CONVERSION = YES;
				GCC_WARN_ABOUT_RETURN_TYPE = YES_ERROR;
				GCC_WARN_UNDECLARED_SELECTOR = YES;
				GCC_WARN_UNINITIALIZED_AUTOS = YES_AGGRESSIVE;
				GCC_WARN_UNUSED_FUNCTION = YES;
				GCC_WARN_UNUSED_VARIABLE = YES;
				IPHONEOS_DEPLOYMENT_TARGET = 10.3;
				MTL_ENABLE_DEBUG_INFO = NO;
				SDKROOT = iphoneos;
				TARGETED_DEVICE_FAMILY = "1,2";
				VALIDATE_PRODUCT = YES;
			};
			name = Release;
		};
		8E41069C1F246CCF0014E69A /* Debug */ = {
			isa = XCBuildConfiguration;
			baseConfigurationReference = 3EFC49D9E6B3D5003C55A52E /* Pods-网络监听demo2.debug.xcconfig */;
			buildSettings = {
				ASSETCATALOG_COMPILER_APPICON_NAME = AppIcon;
				DEVELOPMENT_TEAM = 4UPZ28UPTA;
				GCC_PRECOMPILE_PREFIX_HEADER = YES;
				GCC_PREFIX_HEADER = "网络监听demo2/PCHFile.h";
				INFOPLIST_FILE = "网络监听demo2/Info.plist";
				LD_RUNPATH_SEARCH_PATHS = "$(inherited) @executable_path/Frameworks";
				PRODUCT_BUNDLE_IDENTIFIER = "com.citotem..----demo2";
				PRODUCT_NAME = "$(TARGET_NAME)";
			};
			name = Debug;
		};
		8E41069D1F246CCF0014E69A /* Release */ = {
			isa = XCBuildConfiguration;
			baseConfigurationReference = 5DF6BB12B492E409BBA00FA3 /* Pods-网络监听demo2.release.xcconfig */;
			buildSettings = {
				ASSETCATALOG_COMPILER_APPICON_NAME = AppIcon;
				DEVELOPMENT_TEAM = 4UPZ28UPTA;
				GCC_PRECOMPILE_PREFIX_HEADER = YES;
				GCC_PREFIX_HEADER = "网络监听demo2/PCHFile.h";
				INFOPLIST_FILE = "网络监听demo2/Info.plist";
				LD_RUNPATH_SEARCH_PATHS = "$(inherited) @executable_path/Frameworks";
				PRODUCT_BUNDLE_IDENTIFIER = "com.citotem..----demo2";
				PRODUCT_NAME = "$(TARGET_NAME)";
			};
			name = Release;
		};
		8E41069F1F246CCF0014E69A /* Debug */ = {
			isa = XCBuildConfiguration;
			baseConfigurationReference = EB60AE18C4B1E0C9AC9A1EE3 /* Pods-网络监听demo2Tests.debug.xcconfig */;
			buildSettings = {
				BUNDLE_LOADER = "$(TEST_HOST)";
				DEVELOPMENT_TEAM = 82GPY9WNDW;
				INFOPLIST_FILE = "网络监听demo2Tests/Info.plist";
				LD_RUNPATH_SEARCH_PATHS = "$(inherited) @executable_path/Frameworks @loader_path/Frameworks";
				PRODUCT_BUNDLE_IDENTIFIER = "com.citotem..----demo2Tests";
				PRODUCT_NAME = "$(TARGET_NAME)";
				TEST_HOST = "$(BUILT_PRODUCTS_DIR)/网络监听demo2.app/网络监听demo2";
			};
			name = Debug;
		};
		8E4106A01F246CCF0014E69A /* Release */ = {
			isa = XCBuildConfiguration;
			baseConfigurationReference = 828DA1F99B4E9BC88CB9C481 /* Pods-网络监听demo2Tests.release.xcconfig */;
			buildSettings = {
				BUNDLE_LOADER = "$(TEST_HOST)";
				DEVELOPMENT_TEAM = 82GPY9WNDW;
				INFOPLIST_FILE = "网络监听demo2Tests/Info.plist";
				LD_RUNPATH_SEARCH_PATHS = "$(inherited) @executable_path/Frameworks @loader_path/Frameworks";
				PRODUCT_BUNDLE_IDENTIFIER = "com.citotem..----demo2Tests";
				PRODUCT_NAME = "$(TARGET_NAME)";
				TEST_HOST = "$(BUILT_PRODUCTS_DIR)/网络监听demo2.app/网络监听demo2";
			};
			name = Release;
		};
		8E4106A21F246CCF0014E69A /* Debug */ = {
			isa = XCBuildConfiguration;
			baseConfigurationReference = 0AC6591068374EB70F5B2C2F /* Pods-网络监听demo2UITests.debug.xcconfig */;
			buildSettings = {
				DEVELOPMENT_TEAM = 82GPY9WNDW;
				INFOPLIST_FILE = "网络监听demo2UITests/Info.plist";
				LD_RUNPATH_SEARCH_PATHS = "$(inherited) @executable_path/Frameworks @loader_path/Frameworks";
				PRODUCT_BUNDLE_IDENTIFIER = "com.citotem..----demo2UITests";
				PRODUCT_NAME = "$(TARGET_NAME)";
				TEST_TARGET_NAME = "网络监听demo2";
			};
			name = Debug;
		};
		8E4106A31F246CCF0014E69A /* Release */ = {
			isa = XCBuildConfiguration;
			baseConfigurationReference = B85FAB4E2FB8E7B530BCB3A9 /* Pods-网络监听demo2UITests.release.xcconfig */;
			buildSettings = {
				DEVELOPMENT_TEAM = 82GPY9WNDW;
				INFOPLIST_FILE = "网络监听demo2UITests/Info.plist";
				LD_RUNPATH_SEARCH_PATHS = "$(inherited) @executable_path/Frameworks @loader_path/Frameworks";
				PRODUCT_BUNDLE_IDENTIFIER = "com.citotem..----demo2UITests";
				PRODUCT_NAME = "$(TARGET_NAME)";
				TEST_TARGET_NAME = "网络监听demo2";
			};
			name = Release;
		};
/* End XCBuildConfiguration section */

/* Begin XCConfigurationList section */
		8E4106691F246CCE0014E69A /* Build configuration list for PBXProject "网络监听demo2" */ = {
			isa = XCConfigurationList;
			buildConfigurations = (
				8E4106991F246CCF0014E69A /* Debug */,
				8E41069A1F246CCF0014E69A /* Release */,
			);
			defaultConfigurationIsVisible = 0;
			defaultConfigurationName = Release;
		};
		8E41069B1F246CCF0014E69A /* Build configuration list for PBXNativeTarget "网络监听demo2" */ = {
			isa = XCConfigurationList;
			buildConfigurations = (
				8E41069C1F246CCF0014E69A /* Debug */,
				8E41069D1F246CCF0014E69A /* Release */,
			);
			defaultConfigurationIsVisible = 0;
			defaultConfigurationName = Release;
		};
		8E41069E1F246CCF0014E69A /* Build configuration list for PBXNativeTarget "网络监听demo2Tests" */ = {
			isa = XCConfigurationList;
			buildConfigurations = (
				8E41069F1F246CCF0014E69A /* Debug */,
				8E4106A01F246CCF0014E69A /* Release */,
			);
			defaultConfigurationIsVisible = 0;
			defaultConfigurationName = Release;
		};
		8E4106A11F246CCF0014E69A /* Build configuration list for PBXNativeTarget "网络监听demo2UITests" */ = {
			isa = XCConfigurationList;
			buildConfigurations = (
				8E4106A21F246CCF0014E69A /* Debug */,
				8E4106A31F246CCF0014E69A /* Release */,
			);
			defaultConfigurationIsVisible = 0;
			defaultConfigurationName = Release;
		};
/* End XCConfigurationList section */
	};
	rootObject = 8E4106661F246CCE0014E69A /* Project object */;
}
